
Microsoft Visual Studio Solution File, Format Version 12.00
# Visual Studio 2012
Project("{2150E333-8FDC-42A3-9474-1A3956D46DE8}") = "Library", "Library", "{941FC503-4B9A-4D60-B884-33B5235FFE8C}"
	ProjectSection(SolutionItems) = preProject
		Library\Appacitive.Sdk.dll = Library\Appacitive.Sdk.dll
		Library\Appacitive.Sdk.Net45.dll = Library\Appacitive.Sdk.Net45.dll
		Library\Clarifi\ContentUpdate.Hotel.DAL.Appacitive.dll = Library\Clarifi\ContentUpdate.Hotel.DAL.Appacitive.dll
		Library\Clarifi\ContentUpdate.Hotel.dll = Library\Clarifi\ContentUpdate.Hotel.dll
		Library\Newtonsoft.Json.dll = Library\Newtonsoft.Json.dll
	EndProjectSection
EndProject
Project("{FAE04EC0-301F-11D3-BF4B-00C04F79EFBC}") = "Content.Sync.Fixtures", "Content.Sync.Fixtures\Content.Sync.Fixtures.csproj", "{8DDB1614-9208-421D-81BF-8B51BE28A3CA}"
EndProject
Project("{FAE04EC0-301F-11D3-BF4B-00C04F79EFBC}") = "Content.Sync.Service", "Content.Sync.Service\Content.Sync.Service.csproj", "{42A4714D-CF04-40FC-849E-6D9E75E5B965}"
EndProject
Project("{FAE04EC0-301F-11D3-BF4B-00C04F79EFBC}") = "Content.Sync.Appacitive", "Content.Sync.Appacitive\Content.Sync.Appacitive.csproj", "{3A55EFBD-F034-4374-A5E6-B133019052BF}"
EndProject
Project("{FAE04EC0-301F-11D3-BF4B-00C04F79EFBC}") = "Content.Sync.Clarifi", "Content.Sync.Clarifi\Content.Sync.Clarifi.csproj", "{7F9BFDC2-365E-4542-ADA4-7AC5EE82F93E}"
EndProject
Project("{FAE04EC0-301F-11D3-BF4B-00C04F79EFBC}") = "Content.Sync.Infrastructure", "Content.Sync.Infrastructure\Content.Sync.Infrastructure.csproj", "{C7C5F4EB-834A-468B-B92B-37CE5824C26E}"
EndProject
Project("{FAE04EC0-301F-11D3-BF4B-00C04F79EFBC}") = "Content.Sync.ErrorSpace", "Content.Sync.ErrorSpace\Content.Sync.ErrorSpace.csproj", "{30443627-DDA5-4DB2-9C43-AE0EB26E55FA}"
Project("{FAE04EC0-301F-11D3-BF4B-00C04F79EFBC}") = "Content.Sync.UpdateCommands", "Content.Sync.UpdateCommands\Content.Sync.UpdateCommands.csproj", "{99094536-43B8-4E37-9CA8-23A2B31000EE}"
EndProject
Project("{2150E333-8FDC-42A3-9474-1A3956D46DE8}") = "Data", "Data", "{7E6C258B-01DA-40DF-A4EF-875C810438F3}"
EndProject
Project("{FAE04EC0-301F-11D3-BF4B-00C04F79EFBC}") = "Content.Sync.Data.Interfaces", "Content.Sync.Data.Interfaces\Content.Sync.Data.Interfaces.csproj", "{0E255DA0-2828-4BBB-BCE4-C377DF68A90D}"
EndProject
Project("{FAE04EC0-301F-11D3-BF4B-00C04F79EFBC}") = "Content.Sync.Data.Factories", "Content.Sync.Data.Factories\Content.Sync.Data.Factories.csproj", "{B116B4C4-DDED-47FC-A316-603356CC2CB9}"
EndProject
Project("{FAE04EC0-301F-11D3-BF4B-00C04F79EFBC}") = "Content.Sync.Data.SqlServer", "Content.Sync.Data.SqlServer\Content.Sync.Data.SqlServer.csproj", "{C81B87AA-6169-46FF-8B4E-C74AC229C248}"
EndProject
Global
	GlobalSection(SolutionConfigurationPlatforms) = preSolution
		Debug|Any CPU = Debug|Any CPU
		Release|Any CPU = Release|Any CPU
	EndGlobalSection
	GlobalSection(ProjectConfigurationPlatforms) = postSolution
		{8DDB1614-9208-421D-81BF-8B51BE28A3CA}.Debug|Any CPU.ActiveCfg = Debug|Any CPU
		{8DDB1614-9208-421D-81BF-8B51BE28A3CA}.Debug|Any CPU.Build.0 = Debug|Any CPU
		{8DDB1614-9208-421D-81BF-8B51BE28A3CA}.Release|Any CPU.ActiveCfg = Release|Any CPU
		{8DDB1614-9208-421D-81BF-8B51BE28A3CA}.Release|Any CPU.Build.0 = Release|Any CPU
		{42A4714D-CF04-40FC-849E-6D9E75E5B965}.Debug|Any CPU.ActiveCfg = Debug|Any CPU
		{42A4714D-CF04-40FC-849E-6D9E75E5B965}.Debug|Any CPU.Build.0 = Debug|Any CPU
		{42A4714D-CF04-40FC-849E-6D9E75E5B965}.Release|Any CPU.ActiveCfg = Release|Any CPU
		{42A4714D-CF04-40FC-849E-6D9E75E5B965}.Release|Any CPU.Build.0 = Release|Any CPU
		{3A55EFBD-F034-4374-A5E6-B133019052BF}.Debug|Any CPU.ActiveCfg = Debug|Any CPU
		{3A55EFBD-F034-4374-A5E6-B133019052BF}.Debug|Any CPU.Build.0 = Debug|Any CPU
		{3A55EFBD-F034-4374-A5E6-B133019052BF}.Release|Any CPU.ActiveCfg = Release|Any CPU
		{3A55EFBD-F034-4374-A5E6-B133019052BF}.Release|Any CPU.Build.0 = Release|Any CPU
		{7F9BFDC2-365E-4542-ADA4-7AC5EE82F93E}.Debug|Any CPU.ActiveCfg = Debug|Any CPU
		{7F9BFDC2-365E-4542-ADA4-7AC5EE82F93E}.Debug|Any CPU.Build.0 = Debug|Any CPU
		{7F9BFDC2-365E-4542-ADA4-7AC5EE82F93E}.Release|Any CPU.ActiveCfg = Release|Any CPU
		{7F9BFDC2-365E-4542-ADA4-7AC5EE82F93E}.Release|Any CPU.Build.0 = Release|Any CPU
		{C7C5F4EB-834A-468B-B92B-37CE5824C26E}.Debug|Any CPU.ActiveCfg = Debug|Any CPU
		{C7C5F4EB-834A-468B-B92B-37CE5824C26E}.Debug|Any CPU.Build.0 = Debug|Any CPU
		{C7C5F4EB-834A-468B-B92B-37CE5824C26E}.Release|Any CPU.ActiveCfg = Release|Any CPU
		{C7C5F4EB-834A-468B-B92B-37CE5824C26E}.Release|Any CPU.Build.0 = Release|Any CPU
		{30443627-DDA5-4DB2-9C43-AE0EB26E55FA}.Debug|Any CPU.ActiveCfg = Debug|Any CPU
		{30443627-DDA5-4DB2-9C43-AE0EB26E55FA}.Debug|Any CPU.Build.0 = Debug|Any CPU
		{30443627-DDA5-4DB2-9C43-AE0EB26E55FA}.Release|Any CPU.ActiveCfg = Release|Any CPU
		{30443627-DDA5-4DB2-9C43-AE0EB26E55FA}.Release|Any CPU.Build.0 = Release|Any CPU
		{99094536-43B8-4E37-9CA8-23A2B31000EE}.Debug|Any CPU.ActiveCfg = Debug|Any CPU
		{99094536-43B8-4E37-9CA8-23A2B31000EE}.Debug|Any CPU.Build.0 = Debug|Any CPU
		{99094536-43B8-4E37-9CA8-23A2B31000EE}.Release|Any CPU.ActiveCfg = Release|Any CPU
		{99094536-43B8-4E37-9CA8-23A2B31000EE}.Release|Any CPU.Build.0 = Release|Any CPU
		{0E255DA0-2828-4BBB-BCE4-C377DF68A90D}.Debug|Any CPU.ActiveCfg = Debug|Any CPU
		{0E255DA0-2828-4BBB-BCE4-C377DF68A90D}.Debug|Any CPU.Build.0 = Debug|Any CPU
		{0E255DA0-2828-4BBB-BCE4-C377DF68A90D}.Release|Any CPU.ActiveCfg = Release|Any CPU
		{0E255DA0-2828-4BBB-BCE4-C377DF68A90D}.Release|Any CPU.Build.0 = Release|Any CPU
		{B116B4C4-DDED-47FC-A316-603356CC2CB9}.Debug|Any CPU.ActiveCfg = Debug|Any CPU
		{B116B4C4-DDED-47FC-A316-603356CC2CB9}.Debug|Any CPU.Build.0 = Debug|Any CPU
		{B116B4C4-DDED-47FC-A316-603356CC2CB9}.Release|Any CPU.ActiveCfg = Release|Any CPU
		{B116B4C4-DDED-47FC-A316-603356CC2CB9}.Release|Any CPU.Build.0 = Release|Any CPU
		{C81B87AA-6169-46FF-8B4E-C74AC229C248}.Debug|Any CPU.ActiveCfg = Debug|Any CPU
		{C81B87AA-6169-46FF-8B4E-C74AC229C248}.Debug|Any CPU.Build.0 = Debug|Any CPU
		{C81B87AA-6169-46FF-8B4E-C74AC229C248}.Release|Any CPU.ActiveCfg = Release|Any CPU
		{C81B87AA-6169-46FF-8B4E-C74AC229C248}.Release|Any CPU.Build.0 = Release|Any CPU
	EndGlobalSection
	GlobalSection(SolutionProperties) = preSolution
		HideSolutionNode = FALSE
	EndGlobalSection
	GlobalSection(NestedProjects) = preSolution
		{0E255DA0-2828-4BBB-BCE4-C377DF68A90D} = {7E6C258B-01DA-40DF-A4EF-875C810438F3}
		{B116B4C4-DDED-47FC-A316-603356CC2CB9} = {7E6C258B-01DA-40DF-A4EF-875C810438F3}
		{C81B87AA-6169-46FF-8B4E-C74AC229C248} = {7E6C258B-01DA-40DF-A4EF-875C810438F3}
	EndGlobalSection
EndGlobal
